
Microsoft Visual Studio Solution File, Format Version 12.00
# Visual Studio Version 16
VisualStudioVersion = 16.0.31515.178
MinimumVisualStudioVersion = 10.0.40219.1
Project("{9A19103F-16F7-4668-BE54-9A1E7A4F7556}") = "RemoteHealthcare", "RemoteHealthcare\RemoteHealthcare.csproj", "{FF44DB88-4E80-4CF5-9100-2919DC985216}"
EndProject
Project("{9A19103F-16F7-4668-BE54-9A1E7A4F7556}") = "FietsSimulatorTest", "FietsSimulatorTest\FietsSimulatorTest.csproj", "{548C4995-F317-4989-B8F9-BC0F7483A60F}"
EndProject
Project("{9A19103F-16F7-4668-BE54-9A1E7A4F7556}") = "VirtualReality", "VirtualReality\VirtualReality.csproj", "{40CBD40E-EC1A-4E86-9283-71570094FD5F}"
EndProject
Project("{9A19103F-16F7-4668-BE54-9A1E7A4F7556}") = "ServerClient", "ServerClient\ServerClient.csproj", "{14405CD2-2FBC-4A60-A755-629AF7277547}"
EndProject

Project("{FAE04EC0-301F-11D3-BF4B-00C04F79EFBC}") = "DoctorApplication", "DoctorApplication\DoctorApplication.csproj", "{2352A8FD-DC96-496C-A4C5-4B80DCA21FD1}"
EndProject
Project("{FAE04EC0-301F-11D3-BF4B-00C04F79EFBC}") = "ServerClientTest", "ServerClientTest\ServerClientTest.csproj", "{C19B120B-0399-49BF-8A8E-244CCCC1C5EF}"

EndProject
Global
	GlobalSection(SolutionConfigurationPlatforms) = preSolution
		Debug|Any CPU = Debug|Any CPU
		Release|Any CPU = Release|Any CPU
	EndGlobalSection
	GlobalSection(ProjectConfigurationPlatforms) = postSolution
		{FF44DB88-4E80-4CF5-9100-2919DC985216}.Debug|Any CPU.ActiveCfg = Debug|Any CPU
		{FF44DB88-4E80-4CF5-9100-2919DC985216}.Debug|Any CPU.Build.0 = Debug|Any CPU
		{FF44DB88-4E80-4CF5-9100-2919DC985216}.Release|Any CPU.ActiveCfg = Release|Any CPU
		{FF44DB88-4E80-4CF5-9100-2919DC985216}.Release|Any CPU.Build.0 = Release|Any CPU
		{548C4995-F317-4989-B8F9-BC0F7483A60F}.Debug|Any CPU.ActiveCfg = Debug|Any CPU
		{548C4995-F317-4989-B8F9-BC0F7483A60F}.Debug|Any CPU.Build.0 = Debug|Any CPU
		{548C4995-F317-4989-B8F9-BC0F7483A60F}.Release|Any CPU.ActiveCfg = Release|Any CPU
		{548C4995-F317-4989-B8F9-BC0F7483A60F}.Release|Any CPU.Build.0 = Release|Any CPU
		{14405CD2-2FBC-4A60-A755-629AF7277547}.Debug|Any CPU.ActiveCfg = Debug|Any CPU
		{14405CD2-2FBC-4A60-A755-629AF7277547}.Debug|Any CPU.Build.0 = Debug|Any CPU
		{14405CD2-2FBC-4A60-A755-629AF7277547}.Release|Any CPU.ActiveCfg = Release|Any CPU
		{14405CD2-2FBC-4A60-A755-629AF7277547}.Release|Any CPU.Build.0 = Release|Any CPU

		{2352A8FD-DC96-496C-A4C5-4B80DCA21FD1}.Debug|Any CPU.ActiveCfg = Debug|Any CPU
		{2352A8FD-DC96-496C-A4C5-4B80DCA21FD1}.Debug|Any CPU.Build.0 = Debug|Any CPU
		{2352A8FD-DC96-496C-A4C5-4B80DCA21FD1}.Release|Any CPU.ActiveCfg = Release|Any CPU
		{2352A8FD-DC96-496C-A4C5-4B80DCA21FD1}.Release|Any CPU.Build.0 = Release|Any CPU

		{C19B120B-0399-49BF-8A8E-244CCCC1C5EF}.Debug|Any CPU.ActiveCfg = Debug|Any CPU
		{C19B120B-0399-49BF-8A8E-244CCCC1C5EF}.Debug|Any CPU.Build.0 = Debug|Any CPU
		{C19B120B-0399-49BF-8A8E-244CCCC1C5EF}.Release|Any CPU.ActiveCfg = Release|Any CPU
		{C19B120B-0399-49BF-8A8E-244CCCC1C5EF}.Release|Any CPU.Build.0 = Release|Any CPU

	EndGlobalSection
	GlobalSection(SolutionProperties) = preSolution
		HideSolutionNode = FALSE
	EndGlobalSection
	GlobalSection(ExtensibilityGlobals) = postSolution
		SolutionGuid = {1C82EFCC-2504-40A1-81EF-362EB4829B8D}
	EndGlobalSection
EndGlobal
